
Microsoft Visual Studio Solution File, Format Version 12.00
# Visual Studio Version 17
VisualStudioVersion = 17.0.31903.59
MinimumVisualStudioVersion = 10.0.40219.1
Project("{2150E333-8FDC-42A3-9474-1A3956D46DE8}") = "Solution Items", "Solution Items", "{B0D35F8A-5404-4EED-AEB7-D2D634BE0918}"
	ProjectSection(SolutionItems) = preProject
		Directory.Build.props = Directory.Build.props
		LICENSE.md = LICENSE.md
		README.md = README.md
	EndProjectSection
EndProject
Project("{2150E333-8FDC-42A3-9474-1A3956D46DE8}") = "src", "src", "{F04A1618-D75A-478D-B4C9-B9EBB93A112E}"
EndProject
Project("{2150E333-8FDC-42A3-9474-1A3956D46DE8}") = "tests", "tests", "{B2F87FA4-424F-403E-83A5-DEFEB98849C4}"
EndProject

Project("{FAE04EC0-301F-11D3-BF4B-00C04F79EFBC}") = "CraftLR.App", "src\CraftLR.App\CraftLR.App.csproj", "{F04E25A5-C031-4807-AAE8-6CFD2B3D17F7}"
EndProject
Project("{FAE04EC0-301F-11D3-BF4B-00C04F79EFBC}") = "CraftLR.App.Tests", "tests\CraftLR.App.Tests\CraftLR.App.Tests.csproj", "{A95E53F0-CF65-42AF-A85C-BB2EE1F2DC3B}"
EndProject

Project("{FAE04EC0-301F-11D3-BF4B-00C04F79EFBC}") = "CraftLR.Exercice1", "src\CraftLR.Exercice1\CraftLR.Exercice1.csproj", "{AB52D832-1563-490D-8EFB-A735D79884C4}"
EndProject
Project("{FAE04EC0-301F-11D3-BF4B-00C04F79EFBC}") = "CraftLR.Exercice1.Tests", "tests\CraftLR.Exercice1.Tests\CraftLR.Exercice1.Tests.csproj", "{DAE6A9EF-5978-41BD-898D-4DA5F1C97B67}"
EndProject

Project("{FAE04EC0-301F-11D3-BF4B-00C04F79EFBC}") = "CraftLR.Exercice2", "src\CraftLR.Exercice2\CraftLR.Exercice2.csproj", "{C48CBB3B-A0E9-4927-B7C6-8A52C818DE0B}"
EndProject
Project("{FAE04EC0-301F-11D3-BF4B-00C04F79EFBC}") = "CraftLR.Exercice2.Tests", "tests\CraftLR.Exercice2.Tests\CraftLR.Exercice2.Tests.csproj", "{B5D637D9-94FC-4C5C-BDD6-D238CEBF74FE}"
EndProject

Project("{FAE04EC0-301F-11D3-BF4B-00C04F79EFBC}") = "CraftLR.Exercice3", "src\CraftLR.Exercice3\CraftLR.Exercice3.csproj", "{3D8DD7D4-3C9A-4544-8A0A-6BDA52949484}"
EndProject
Project("{FAE04EC0-301F-11D3-BF4B-00C04F79EFBC}") = "CraftLR.Exercice3.Tests", "tests\CraftLR.Exercice3.Tests\CraftLR.Exercice3.Tests.csproj", "{9AF04E3E-B3B8-4727-9D8F-D29E616F27C1}"
EndProject

Project("{FAE04EC0-301F-11D3-BF4B-00C04F79EFBC}") = "CraftLR.Exercice4", "src\CraftLR.Exercice4\CraftLR.Exercice4.csproj", "{97D6032F-06C6-4655-A166-49868478F212}"
EndProject
Project("{FAE04EC0-301F-11D3-BF4B-00C04F79EFBC}") = "CraftLR.Exercice4.Tests", "tests\CraftLR.Exercice4.Tests\CraftLR.Exercice4.Tests.csproj", "{1083927D-7FD6-4FDB-8CB1-A6801B390408}"
EndProject

Project("{FAE04EC0-301F-11D3-BF4B-00C04F79EFBC}") = "CraftLR.Exercice5", "src\CraftLR.Exercice5\CraftLR.Exercice5.csproj", "{49128F02-1A8C-41D7-A38A-63ED54D25A3C}"
EndProject
Project("{FAE04EC0-301F-11D3-BF4B-00C04F79EFBC}") = "CraftLR.Exercice5.Tests", "tests\CraftLR.Exercice5.Tests\CraftLR.Exercice5.Tests.csproj", "{80D38B0B-E06E-4FA9-8501-64CCC5CC119E}"
EndProject

Global
	GlobalSection(SolutionConfigurationPlatforms) = preSolution
		Debug|Any CPU = Debug|Any CPU
		Release|Any CPU = Release|Any CPU
	EndGlobalSection
	GlobalSection(SolutionProperties) = preSolution
		HideSolutionNode = FALSE
	EndGlobalSection
	GlobalSection(ProjectConfigurationPlatforms) = postSolution
		{F04E25A5-C031-4807-AAE8-6CFD2B3D17F7}.Debug|Any CPU.ActiveCfg = Debug|Any CPU
		{F04E25A5-C031-4807-AAE8-6CFD2B3D17F7}.Debug|Any CPU.Build.0 = Debug|Any CPU
		{F04E25A5-C031-4807-AAE8-6CFD2B3D17F7}.Release|Any CPU.ActiveCfg = Release|Any CPU
		{F04E25A5-C031-4807-AAE8-6CFD2B3D17F7}.Release|Any CPU.Build.0 = Release|Any CPU
		{A95E53F0-CF65-42AF-A85C-BB2EE1F2DC3B}.Debug|Any CPU.ActiveCfg = Debug|Any CPU
		{A95E53F0-CF65-42AF-A85C-BB2EE1F2DC3B}.Debug|Any CPU.Build.0 = Debug|Any CPU
		{A95E53F0-CF65-42AF-A85C-BB2EE1F2DC3B}.Release|Any CPU.ActiveCfg = Release|Any CPU
		{A95E53F0-CF65-42AF-A85C-BB2EE1F2DC3B}.Release|Any CPU.Build.0 = Release|Any CPU
		{AB52D832-1563-490D-8EFB-A735D79884C4}.Debug|Any CPU.ActiveCfg = Debug|Any CPU
		{AB52D832-1563-490D-8EFB-A735D79884C4}.Debug|Any CPU.Build.0 = Debug|Any CPU
		{AB52D832-1563-490D-8EFB-A735D79884C4}.Release|Any CPU.ActiveCfg = Release|Any CPU
		{AB52D832-1563-490D-8EFB-A735D79884C4}.Release|Any CPU.Build.0 = Release|Any CPU
		{DAE6A9EF-5978-41BD-898D-4DA5F1C97B67}.Debug|Any CPU.ActiveCfg = Debug|Any CPU
		{DAE6A9EF-5978-41BD-898D-4DA5F1C97B67}.Debug|Any CPU.Build.0 = Debug|Any CPU
		{DAE6A9EF-5978-41BD-898D-4DA5F1C97B67}.Release|Any CPU.ActiveCfg = Release|Any CPU
		{DAE6A9EF-5978-41BD-898D-4DA5F1C97B67}.Release|Any CPU.Build.0 = Release|Any CPU
		{B5D637D9-94FC-4C5C-BDD6-D238CEBF74FE}.Debug|Any CPU.ActiveCfg = Debug|Any CPU
		{B5D637D9-94FC-4C5C-BDD6-D238CEBF74FE}.Debug|Any CPU.Build.0 = Debug|Any CPU
		{B5D637D9-94FC-4C5C-BDD6-D238CEBF74FE}.Release|Any CPU.ActiveCfg = Release|Any CPU
		{B5D637D9-94FC-4C5C-BDD6-D238CEBF74FE}.Release|Any CPU.Build.0 = Release|Any CPU
		{C48CBB3B-A0E9-4927-B7C6-8A52C818DE0B}.Debug|Any CPU.ActiveCfg = Debug|Any CPU
		{C48CBB3B-A0E9-4927-B7C6-8A52C818DE0B}.Debug|Any CPU.Build.0 = Debug|Any CPU
		{C48CBB3B-A0E9-4927-B7C6-8A52C818DE0B}.Release|Any CPU.ActiveCfg = Release|Any CPU
		{C48CBB3B-A0E9-4927-B7C6-8A52C818DE0B}.Release|Any CPU.Build.0 = Release|Any CPU
		{3D8DD7D4-3C9A-4544-8A0A-6BDA52949484}.Debug|Any CPU.ActiveCfg = Debug|Any CPU
		{3D8DD7D4-3C9A-4544-8A0A-6BDA52949484}.Debug|Any CPU.Build.0 = Debug|Any CPU
		{3D8DD7D4-3C9A-4544-8A0A-6BDA52949484}.Release|Any CPU.ActiveCfg = Release|Any CPU
		{3D8DD7D4-3C9A-4544-8A0A-6BDA52949484}.Release|Any CPU.Build.0 = Release|Any CPU
		{9AF04E3E-B3B8-4727-9D8F-D29E616F27C1}.Debug|Any CPU.ActiveCfg = Debug|Any CPU
		{9AF04E3E-B3B8-4727-9D8F-D29E616F27C1}.Debug|Any CPU.Build.0 = Debug|Any CPU
		{9AF04E3E-B3B8-4727-9D8F-D29E616F27C1}.Release|Any CPU.ActiveCfg = Release|Any CPU
		{9AF04E3E-B3B8-4727-9D8F-D29E616F27C1}.Release|Any CPU.Build.0 = Release|Any CPU
		{1083927D-7FD6-4FDB-8CB1-A6801B390408}.Debug|Any CPU.ActiveCfg = Debug|Any CPU
		{1083927D-7FD6-4FDB-8CB1-A6801B390408}.Debug|Any CPU.Build.0 = Debug|Any CPU
		{1083927D-7FD6-4FDB-8CB1-A6801B390408}.Release|Any CPU.ActiveCfg = Release|Any CPU
		{1083927D-7FD6-4FDB-8CB1-A6801B390408}.Release|Any CPU.Build.0 = Release|Any CPU
		{97D6032F-06C6-4655-A166-49868478F212}.Debug|Any CPU.ActiveCfg = Debug|Any CPU
		{97D6032F-06C6-4655-A166-49868478F212}.Debug|Any CPU.Build.0 = Debug|Any CPU
		{97D6032F-06C6-4655-A166-49868478F212}.Release|Any CPU.ActiveCfg = Release|Any CPU
		{97D6032F-06C6-4655-A166-49868478F212}.Release|Any CPU.Build.0 = Release|Any CPU
		{49128F02-1A8C-41D7-A38A-63ED54D25A3C}.Debug|Any CPU.ActiveCfg = Debug|Any CPU
		{49128F02-1A8C-41D7-A38A-63ED54D25A3C}.Debug|Any CPU.Build.0 = Debug|Any CPU
		{49128F02-1A8C-41D7-A38A-63ED54D25A3C}.Release|Any CPU.ActiveCfg = Release|Any CPU
		{49128F02-1A8C-41D7-A38A-63ED54D25A3C}.Release|Any CPU.Build.0 = Release|Any CPU
		{80D38B0B-E06E-4FA9-8501-64CCC5CC119E}.Debug|Any CPU.ActiveCfg = Debug|Any CPU
		{80D38B0B-E06E-4FA9-8501-64CCC5CC119E}.Debug|Any CPU.Build.0 = Debug|Any CPU
		{80D38B0B-E06E-4FA9-8501-64CCC5CC119E}.Release|Any CPU.ActiveCfg = Release|Any CPU
		{80D38B0B-E06E-4FA9-8501-64CCC5CC119E}.Release|Any CPU.Build.0 = Release|Any CPU
	EndGlobalSection
	GlobalSection(NestedProjects) = preSolution
		{F04E25A5-C031-4807-AAE8-6CFD2B3D17F7} = {F04A1618-D75A-478D-B4C9-B9EBB93A112E}
		{A95E53F0-CF65-42AF-A85C-BB2EE1F2DC3B} = {B2F87FA4-424F-403E-83A5-DEFEB98849C4}
		{AB52D832-1563-490D-8EFB-A735D79884C4} = {F04A1618-D75A-478D-B4C9-B9EBB93A112E}
		{DAE6A9EF-5978-41BD-898D-4DA5F1C97B67} = {B2F87FA4-424F-403E-83A5-DEFEB98849C4}
		{B5D637D9-94FC-4C5C-BDD6-D238CEBF74FE} = {B2F87FA4-424F-403E-83A5-DEFEB98849C4}
		{C48CBB3B-A0E9-4927-B7C6-8A52C818DE0B} = {F04A1618-D75A-478D-B4C9-B9EBB93A112E}
		{3D8DD7D4-3C9A-4544-8A0A-6BDA52949484} = {F04A1618-D75A-478D-B4C9-B9EBB93A112E}
		{9AF04E3E-B3B8-4727-9D8F-D29E616F27C1} = {B2F87FA4-424F-403E-83A5-DEFEB98849C4}
		{1083927D-7FD6-4FDB-8CB1-A6801B390408} = {B2F87FA4-424F-403E-83A5-DEFEB98849C4}
		{97D6032F-06C6-4655-A166-49868478F212} = {F04A1618-D75A-478D-B4C9-B9EBB93A112E}
		{49128F02-1A8C-41D7-A38A-63ED54D25A3C} = {F04A1618-D75A-478D-B4C9-B9EBB93A112E}
		{80D38B0B-E06E-4FA9-8501-64CCC5CC119E} = {B2F87FA4-424F-403E-83A5-DEFEB98849C4}
	EndGlobalSection
EndGlobal
